
Microsoft Visual Studio Solution File, Format Version 12.00
# Visual Studio Version 16
VisualStudioVersion = 16.0.30907.101
MinimumVisualStudioVersion = 10.0.40219.1
Project("{FAE04EC0-301F-11D3-BF4B-00C04F79EFBC}") = "testConsole", "testConsole.csproj", "{CE2357BE-E163-4F89-BEB4-00EED1E6FF54}"
EndProject
Project("{FAE04EC0-301F-11D3-BF4B-00C04F79EFBC}") = "UnitTest.Tests", "..\UnitTest.Tests\UnitTest.Tests.csproj", "{59E0F627-EAC4-4738-8139-3D5E963A697A}"
EndProject
Global
	GlobalSection(SolutionConfigurationPlatforms) = preSolution
		Debug|Any CPU = Debug|Any CPU
		Release|Any CPU = Release|Any CPU
	EndGlobalSection
	GlobalSection(ProjectConfigurationPlatforms) = postSolution
		{CE2357BE-E163-4F89-BEB4-00EED1E6FF54}.Debug|Any CPU.ActiveCfg = Debug|Any CPU
		{CE2357BE-E163-4F89-BEB4-00EED1E6FF54}.Debug|Any CPU.Build.0 = Debug|Any CPU
		{CE2357BE-E163-4F89-BEB4-00EED1E6FF54}.Release|Any CPU.ActiveCfg = Release|Any CPU
		{CE2357BE-E163-4F89-BEB4-00EED1E6FF54}.Release|Any CPU.Build.0 = Release|Any CPU
		{59E0F627-EAC4-4738-8139-3D5E963A697A}.Debug|Any CPU.ActiveCfg = Debug|Any CPU
		{59E0F627-EAC4-4738-8139-3D5E963A697A}.Debug|Any CPU.Build.0 = Debug|Any CPU
		{59E0F627-EAC4-4738-8139-3D5E963A697A}.Release|Any CPU.ActiveCfg = Release|Any CPU
		{59E0F627-EAC4-4738-8139-3D5E963A697A}.Release|Any CPU.Build.0 = Release|Any CPU
	EndGlobalSection
	GlobalSection(SolutionProperties) = preSolution
		HideSolutionNode = FALSE
	EndGlobalSection
	GlobalSection(ExtensibilityGlobals) = postSolution
		SolutionGuid = {56F6D1EC-26BA-47D7-9026-F5F29DE85BE3}
	EndGlobalSection
EndGlobal
